// !$*UTF8*$!
{
	archiveVersion = 1;
	classes = {
	};
	objectVersion = 46;
	objects = {

/* Begin PBXBuildFile section */
		B111A26B1E67FE0C0081A3A5 /* WhalePaySDK.m in Sources */ = {isa = PBXBuildFile; fileRef = B111A26A1E67FE0C0081A3A5 /* WhalePaySDK.m */; };
		B111A26C1E67FE0C0081A3A5 /* WhalePaySDK.h in CopyFiles */ = {isa = PBXBuildFile; fileRef = B111A2691E67FE0C0081A3A5 /* WhalePaySDK.h */; };
/* End PBXBuildFile section */

/* Begin PBXCopyFilesBuildPhase section */
		B111A2641E67FE0C0081A3A5 /* CopyFiles */ = {
			isa = PBXCopyFilesBuildPhase;
			buildActionMask = 2147483647;
			dstPath = "include/$(PRODUCT_NAME)";
			dstSubfolderSpec = 16;
			files = (
				B111A26C1E67FE0C0081A3A5 /* WhalePaySDK.h in CopyFiles */,
			);
			runOnlyForDeploymentPostprocessing = 0;
		};
/* End PBXCopyFilesBuildPhase section */

/* Begin PBXFileReference section */
		B111A2661E67FE0C0081A3A5 /* libWhalePaySDK.a */ = {isa = PBXFileReference; explicitFileType = archive.ar; includeInIndex = 0; path = libWhalePaySDK.a; sourceTree = BUILT_PRODUCTS_DIR; };
		B111A2691E67FE0C0081A3A5 /* WhalePaySDK.h */ = {isa = PBXFileReference; lastKnownFileType = sourcecode.c.h; path = WhalePaySDK.h; sourceTree = "<group>"; };
		B111A26A1E67FE0C0081A3A5 /* WhalePaySDK.m */ = {isa = PBXFileReference; lastKnownFileType = sourcecode.c.objc; path = WhalePaySDK.m; sourceTree = "<group>"; };
/* End PBXFileReference section */

/* Begin PBXFrameworksBuildPhase section */
		B111A2631E67FE0C0081A3A5 /* Frameworks */ = {
			isa = PBXFrameworksBuildPhase;
			buildActionMask = 2147483647;
			files = (
			);
			runOnlyForDeploymentPostprocessing = 0;
		};
/* End PBXFrameworksBuildPhase section */

/* Begin PBXGroup section */
		B111A25D1E67FE0C0081A3A5 = {
			isa = PBXGroup;
			children = (
				B111A2681E67FE0C0081A3A5 /* WhalePaySDK */,
				B111A2671E67FE0C0081A3A5 /* Products */,
			);
			sourceTree = "<group>";
		};
		B111A2671E67FE0C0081A3A5 /* Products */ = {
			isa = PBXGroup;
			children = (
				B111A2661E67FE0C0081A3A5 /* libWhalePaySDK.a */,
			);
			name = Products;
			sourceTree = "<group>";
		};
		B111A2681E67FE0C0081A3A5 /* WhalePaySDK */ = {
			isa = PBXGroup;
			children = (
				B111A2691E67FE0C0081A3A5 /* WhalePaySDK.h */,
				B111A26A1E67FE0C0081A3A5 /* WhalePaySDK.m */,
			);
			path = WhalePaySDK;
			sourceTree = "<group>";
		};
/* End PBXGroup section */

/* Begin PBXNativeTarget section */
		B111A2651E67FE0C0081A3A5 /* WhalePaySDK */ = {
			isa = PBXNativeTarget;
			buildConfigurationList = B111A26F1E67FE0C0081A3A5 /* Build configuration list for PBXNativeTarget "WhalePaySDK" */;
			buildPhases = (
				B111A2621E67FE0C0081A3A5 /* Sources */,
				B111A2631E67FE0C0081A3A5 /* Frameworks */,
				B111A2641E67FE0C0081A3A5 /* CopyFiles */,
			);
			buildRules = (
			);
			dependencies = (
			);
			name = WhalePaySDK;
			productName = WhalePaySDK;
			productReference = B111A2661E67FE0C0081A3A5 /* libWhalePaySDK.a */;
			productType = "com.apple.product-type.library.static";
		};
/* End PBXNativeTarget section */

/* Begin PBXProject section */
		B111A25E1E67FE0C0081A3A5 /* Project object */ = {
			isa = PBXProject;
			attributes = {
				LastUpgradeCheck = 0820;
				ORGANIZATIONNAME = liyong;
				TargetAttributes = {
					B111A2651E67FE0C0081A3A5 = {
						CreatedOnToolsVersion = 8.2.1;
						DevelopmentTeam = ZW9XLD4957;
						ProvisioningStyle = Automatic;
					};
				};
			};
			buildConfigurationList = B111A2611E67FE0C0081A3A5 /* Build configuration list for PBXProject "WhalePaySDK" */;
			compatibilityVersion = "Xcode 3.2";
			developmentRegion = English;
			hasScannedForEncodings = 0;
			knownRegions = (
				en,
			);
			mainGroup = B111A25D1E67FE0C0081A3A5;
			productRefGroup = B111A2671E67FE0C0081A3A5 /* Products */;
			projectDirPath = "";
			projectRoot = "";
			targets = (
				B111A2651E67FE0C0081A3A5 /* WhalePaySDK */,
			);
		};
/* End PBXProject section */

/* Begin PBXSourcesBuildPhase section */
		B111A2621E67FE0C0081A3A5 /* Sources */ = {
			isa = PBXSourcesBuildPhase;
			buildActionMask = 2147483647;
			files = (
				B111A26B1E67FE0C0081A3A5 /* WhalePaySDK.m in Sources */,
			);
			runOnlyForDeploymentPostprocessing = 0;
		};
/* End PBXSourcesBuildPhase section */

/* Begin XCBuildConfiguration section */
		B111A26D1E67FE0C0081A3A5 /* Debug */ = {
			isa = XCBuildConfiguration;
			buildSettings = {
				ALWAYS_SEARCH_USER_PATHS = NO;
				CLANG_ANALYZER_NONNULL = YES;
				CLANG_CXX_LANGUAGE_STANDARD = "gnu++0x";
				CLANG_CXX_LIBRARY = "libc++";
				CLANG_ENABLE_MODULES = YES;
				CLANG_ENABLE_OBJC_ARC = YES;
				CLANG_WARN_BOOL_CONVERSION = YES;
				CLANG_WARN_CONSTANT_CONVERSION = YES;
				CLANG_WARN_DIRECT_OBJC_ISA_USAGE = YES_ERROR;
				CLANG_WARN_DOCUMENTATION_COMMENTS = YES;
				CLANG_WARN_EMPTY_BODY = YES;
				CLANG_WARN_ENUM_CONVERSION = YES;
				CLANG_WARN_INFINITE_RECURSION = YES;
				CLANG_WARN_INT_CONVERSION = YES;
				CLANG_WARN_OBJC_ROOT_CLASS = YES_ERROR;
				CLANG_WARN_SUSPICIOUS_MOVE = YES;
				CLANG_WARN_UNREACHABLE_CODE = YES;
				CLANG_WARN__DUPLICATE_METHOD_MATCH = YES;
				"CODE_SIGN_IDENTITY[sdk=iphoneos*]" = "iPhone Developer";
				COPY_PHASE_STRIP = NO;
				DEBUG_INFORMATION_FORMAT = dwarf;
				ENABLE_STRICT_OBJC_MSGSEND = YES;
				ENABLE_TESTABILITY = YES;
				GCC_C_LANGUAGE_STANDARD = gnu99;
				GCC_DYNAMIC_NO_PIC = NO;
				GCC_NO_COMMON_BLOCKS = YES;
				GCC_OPTIMIZATION_LEVEL = 0;
				GCC_PREPROCESSOR_DEFINITIONS = (
					"DEBUG=1",
					"$(inherited)",
				);
				GCC_WARN_64_TO_32_BIT_CONVERSION = YES;
				GCC_WARN_ABOUT_RETURN_TYPE = YES_ERROR;
				GCC_WARN_UNDECLARED_SELECTOR = YES;
				GCC_WARN_UNINITIALIZED_AUTOS = YES_AGGRESSIVE;
				GCC_WARN_UNUSED_FUNCTION = YES;
				GCC_WARN_UNUSED_VARIABLE = YES;
				IPHONEOS_DEPLOYMENT_TARGET = 10.2;
				MTL_ENABLE_DEBUG_INFO = YES;
				ONLY_ACTIVE_ARCH = YES;
				SDKROOT = iphoneos;
			};
			name = Debug;
		};
		B111A26E1E67FE0C0081A3A5 /* Release */ = {
			isa = XCBuildConfiguration;
			buildSettings = {
				ALWAYS_SEARCH_USER_PATHS = NO;
				CLANG_ANALYZER_NONNULL = YES;
				CLANG_CXX_LANGUAGE_STANDARD = "gnu++0x";
				CLANG_CXX_LIBRARY = "libc++";
				CLANG_ENABLE_MODULES = YES;
				CLANG_ENABLE_OBJC_ARC = YES;
				CLANG_WARN_BOOL_CONVERSION = YES;
				CLANG_WARN_CONSTANT_CONVERSION = YES;
				CLANG_WARN_DIRECT_OBJC_ISA_USAGE = YES_ERROR;
				CLANG_WARN_DOCUMENTATION_COMMENTS = YES;
				CLANG_WARN_EMPTY_BODY = YES;
				CLANG_WARN_ENUM_CONVERSION = YES;
				CLANG_WARN_INFINITE_RECURSION = YES;
				CLANG_WARN_INT_CONVERSION = YES;
				CLANG_WARN_OBJC_ROOT_CLASS = YES_ERROR;
				CLANG_WARN_SUSPICIOUS_MOVE = YES;
				CLANG_WARN_UNREACHABLE_CODE = YES;
				CLANG_WARN__DUPLICATE_METHOD_MATCH = YES;
				"CODE_SIGN_IDENTITY[sdk=iphoneos*]" = "iPhone Developer";
				COPY_PHASE_STRIP = NO;
				DEBUG_INFORMATION_FORMAT = "dwarf-with-dsym";
				ENABLE_NS_ASSERTIONS = NO;
				ENABLE_STRICT_OBJC_MSGSEND = YES;
				GCC_C_LANGUAGE_STANDARD = gnu99;
				GCC_NO_COMMON_BLOCKS = YES;
				GCC_WARN_64_TO_32_BIT_CONVERSION = YES;
				GCC_WARN_ABOUT_RETURN_TYPE = YES_ERROR;
				GCC_WARN_UNDECLARED_SELECTOR = YES;
				GCC_WARN_UNINITIALIZED_AUTOS = YES_AGGRESSIVE;
				GCC_WARN_UNUSED_FUNCTION = YES;
				GCC_WARN_UNUSED_VARIABLE = YES;
				IPHONEOS_DEPLOYMENT_TARGET = 10.2;
				MTL_ENABLE_DEBUG_INFO = NO;
				SDKROOT = iphoneos;
				VALIDATE_PRODUCT = YES;
			};
			name = Release;
		};
		B111A2701E67FE0C0081A3A5 /* Debug */ = {
			isa = XCBuildConfiguration;
			buildSettings = {
				DEVELOPMENT_TEAM = ZW9XLD4957;
				OTHER_LDFLAGS = "-ObjC";
				PRODUCT_NAME = "$(TARGET_NAME)";
				SKIP_INSTALL = YES;
			};
			name = Debug;
		};
		B111A2711E67FE0C0081A3A5 /* Release */ = {
			isa = XCBuildConfiguration;
			buildSettings = {
				DEVELOPMENT_TEAM = ZW9XLD4957;
				OTHER_LDFLAGS = "-ObjC";
				PRODUCT_NAME = "$(TARGET_NAME)";
				SKIP_INSTALL = YES;
			};
			name = Release;
		};
/* End XCBuildConfiguration section */

/* Begin XCConfigurationList section */
		B111A2611E67FE0C0081A3A5 /* Build configuration list for PBXProject "WhalePaySDK" */ = {
			isa = XCConfigurationList;
			buildConfigurations = (
				B111A26D1E67FE0C0081A3A5 /* Debug */,
				B111A26E1E67FE0C0081A3A5 /* Release */,
			);
			defaultConfigurationIsVisible = 0;
			defaultConfigurationName = Release;
		};
		B111A26F1E67FE0C0081A3A5 /* Build configuration list for PBXNativeTarget "WhalePaySDK" */ = {
			isa = XCConfigurationList;
			buildConfigurations = (
				B111A2701E67FE0C0081A3A5 /* Debug */,
				B111A2711E67FE0C0081A3A5 /* Release */,
			);
			defaultConfigurationIsVisible = 0;
		};
/* End XCConfigurationList section */
	};
	rootObject = B111A25E1E67FE0C0081A3A5 /* Project object */;
}
